
Microsoft Visual Studio Solution File, Format Version 12.00
# Visual Studio 15
VisualStudioVersion = 15.0.28307.1259
MinimumVisualStudioVersion = 10.0.40219.1
Project("{FAE04EC0-301F-11D3-BF4B-00C04F79EFBC}") = "AskAPirate", "AskAPirate\AskAPirate.csproj", "{7C18CB32-C32F-480A-9930-B1FE87DC19FA}"
EndProject
Global
	GlobalSection(SolutionConfigurationPlatforms) = preSolution
		Debug|Any CPU = Debug|Any CPU
		Release|Any CPU = Release|Any CPU
	EndGlobalSection
	GlobalSection(ProjectConfigurationPlatforms) = postSolution
		{7C18CB32-C32F-480A-9930-B1FE87DC19FA}.Debug|Any CPU.ActiveCfg = Debug|Any CPU
		{7C18CB32-C32F-480A-9930-B1FE87DC19FA}.Debug|Any CPU.Build.0 = Debug|Any CPU
		{7C18CB32-C32F-480A-9930-B1FE87DC19FA}.Release|Any CPU.ActiveCfg = Release|Any CPU
		{7C18CB32-C32F-480A-9930-B1FE87DC19FA}.Release|Any CPU.Build.0 = Release|Any CPU
	EndGlobalSection
	GlobalSection(SolutionProperties) = preSolution
		HideSolutionNode = FALSE
	EndGlobalSection
	GlobalSection(ExtensibilityGlobals) = postSolution
		SolutionGuid = {E06A48F2-51C0-49EB-ADC9-01B5F013A6F3}
	EndGlobalSection
EndGlobal
